
Microsoft Visual Studio Solution File, Format Version 12.00
# Visual Studio Version 17
VisualStudioVersion = 17.13.35825.156
MinimumVisualStudioVersion = 10.0.40219.1
Project("{FAE04EC0-301F-11D3-BF4B-00C04F79EFBC}") = "Portfolio_Server", "Portfolio_Server\Portfolio_Server.csproj", "{1B718F6D-2D95-4CA5-B16A-49B819E16F1E}"
EndProject
Global
	GlobalSection(SolutionConfigurationPlatforms) = preSolution
		Debug|Any CPU = Debug|Any CPU
		Release|Any CPU = Release|Any CPU
	EndGlobalSection
	GlobalSection(ProjectConfigurationPlatforms) = postSolution
		{1B718F6D-2D95-4CA5-B16A-49B819E16F1E}.Debug|Any CPU.ActiveCfg = Debug|Any CPU
		{1B718F6D-2D95-4CA5-B16A-49B819E16F1E}.Debug|Any CPU.Build.0 = Debug|Any CPU
		{1B718F6D-2D95-4CA5-B16A-49B819E16F1E}.Release|Any CPU.ActiveCfg = Release|Any CPU
		{1B718F6D-2D95-4CA5-B16A-49B819E16F1E}.Release|Any CPU.Build.0 = Release|Any CPU
	EndGlobalSection
	GlobalSection(SolutionProperties) = preSolution
		HideSolutionNode = FALSE
	EndGlobalSection
	GlobalSection(ExtensibilityGlobals) = postSolution
		SolutionGuid = {C4A9FA4D-835E-46DC-ACB2-270B84CFF953}
	EndGlobalSection
EndGlobal
